# This file is automatically @generated by Cargo.
# It is not intended for manual editing.
version = 4

[[package]]
name = "algebra"
version = "0.1.0"

[[package]]
name = "bhk"
version = "0.1.0"

[[package]]
name = "categorical_logic"
version = "0.1.0"

[[package]]
name = "categories"
version = "0.1.0"

[[package]]
name = "circle"
version = "0.1.0"

[[package]]
name = "covering_spaces"
version = "0.1.0"

[[package]]
name = "cubical"
version = "0.1.0"

[[package]]
name = "cubical_agda"
version = "0.1.0"

[[package]]
name = "curry_howard"
version = "0.1.0"

[[package]]
name = "dependent_types"
version = "0.1.0"

[[package]]
name = "eilenberg_maclane"
version = "0.1.0"

[[package]]
name = "encode_decode"
version = "0.1.0"

[[package]]
name = "equiv"
version = "0.1.0"

[[package]]
name = "fundamental_theorem"
version = "0.1.0"

[[package]]
name = "funext"
version = "0.1.0"

[[package]]
name = "groupoid_laws"
version = "0.1.0"

[[package]]
name = "higher_cats"
version = "0.1.0"

[[package]]
name = "hlevels"
version = "0.1.0"

[[package]]
name = "hopf"
version = "0.1.0"

[[package]]
name = "induction_vs_recursion"
version = "0.1.0"

[[package]]
name = "james"
version = "0.1.0"

[[package]]
name = "kripke"
version = "0.1.0"

[[package]]
name = "lean4"
version = "0.1.0"

[[package]]
name = "modal_hott"
version = "0.1.0"

[[package]]
name = "normal_forms"
version = "0.1.0"

[[package]]
name = "paths"
version = "0.1.0"

[[package]]
name = "proof_basics"
version = "0.1.0"

[[package]]
name = "proof_theory"
version = "0.1.0"

[[package]]
name = "pushouts"
version = "0.1.0"

[[package]]
name = "quotients"
version = "0.1.0"

[[package]]
name = "real_analysis"
version = "0.1.0"

[[package]]
name = "research_frontiers"
version = "0.1.0"

[[package]]
name = "set_theory"
version = "0.1.0"

[[package]]
name = "simplicial_hott"
version = "0.1.0"

[[package]]
name = "simplicial_sets"
version = "0.1.0"

[[package]]
name = "suspension"
version = "0.1.0"

[[package]]
name = "transport"
version = "0.1.0"

[[package]]
name = "truncations"
version = "0.1.0"

[[package]]
name = "univalence_deep"
version = "0.1.0"

[[package]]
name = "universes"
version = "0.1.0"

[[package]]
name = "w_types"
version = "0.1.0"
